{
  "version": 4,
  "terraform_version": "0.13.2",
  "serial": 33,
  "lineage": "ec1c0746-9736-d504-ffd7-6d13d33ceca6",
  "outputs": {},
  "resources": [
    {
      "mode": "managed",
      "type": "google_compute_firewall",
      "name": "nodeports",
      "provider": "provider[\"registry.terraform.io/hashicorp/google\"]",
      "instances": [
        {
          "schema_version": 1,
          "attributes": {
            "allow": [
              {
                "ports": [
                  "30000-32767"
                ],
                "protocol": "tcp"
              }
            ],
            "creation_timestamp": "2020-09-20T07:47:38.952-07:00",
            "deny": [],
            "description": "",
            "destination_ranges": [],
            "direction": "INGRESS",
            "disabled": false,
            "enable_logging": null,
            "id": "projects/proven-sum-252123/global/firewalls/node-port-range",
            "log_config": [],
            "name": "node-port-range",
            "network": "https://www.googleapis.com/compute/v1/projects/proven-sum-252123/global/networks/default",
            "priority": 1000,
            "project": "proven-sum-252123",
            "self_link": "https://www.googleapis.com/compute/v1/projects/proven-sum-252123/global/firewalls/node-port-range",
            "source_ranges": [
              "0.0.0.0/0"
            ],
            "source_service_accounts": null,
            "source_tags": null,
            "target_service_accounts": null,
            "target_tags": null,
            "timeouts": null
          },
          "private": "eyJlMmJmYjczMC1lY2FhLTExZTYtOGY4OC0zNDM2M2JjN2M0YzAiOnsiY3JlYXRlIjoyNDAwMDAwMDAwMDAsImRlbGV0ZSI6MjQwMDAwMDAwMDAwLCJ1cGRhdGUiOjI0MDAwMDAwMDAwMH0sInNjaGVtYV92ZXJzaW9uIjoiMSJ9"
        }
      ]
    },
    {
      "mode": "managed",
      "type": "google_container_cluster",
      "name": "primary",
      "provider": "provider[\"registry.terraform.io/hashicorp/google\"]",
      "instances": [
        {
          "schema_version": 1,
          "attributes": {
            "additional_zones": [],
            "addons_config": [
              {
                "cloudrun_config": [],
                "horizontal_pod_autoscaling": [],
                "http_load_balancing": [],
                "kubernetes_dashboard": [],
                "network_policy_config": [
                  {
                    "disabled": true
                  }
                ]
              }
            ],
            "authenticator_groups_config": [],
            "cluster_autoscaling": [
              {
                "auto_provisioning_defaults": [],
                "enabled": false,
                "resource_limits": []
              }
            ],
            "cluster_ipv4_cidr": "10.0.0.0/14",
            "database_encryption": [
              {
                "key_name": "",
                "state": "DECRYPTED"
              }
            ],
            "default_max_pods_per_node": null,
            "description": "",
            "enable_binary_authorization": false,
            "enable_intranode_visibility": null,
            "enable_kubernetes_alpha": false,
            "enable_legacy_abac": false,
            "enable_shielded_nodes": false,
            "enable_tpu": null,
            "endpoint": "34.68.253.18",
            "id": "projects/proven-sum-252123/locations/us-central1-c/clusters/node-svc-k8s",
            "initial_node_count": 3,
            "instance_group_urls": [
              "https://www.googleapis.com/compute/v1/projects/proven-sum-252123/zones/us-central1-c/instanceGroups/gke-node-svc-k8s-default-pool-912798ec-grp"
            ],
            "ip_allocation_policy": [],
            "label_fingerprint": "a9dc16a7",
            "location": "us-central1-c",
            "logging_service": "logging.googleapis.com/kubernetes",
            "maintenance_policy": [],
            "master_auth": [
              {
                "client_certificate": "",
                "client_certificate_config": [
                  {
                    "issue_client_certificate": false
                  }
                ],
                "client_key": "",
                "cluster_ca_certificate": "LS0tLS1CRUdJTiBDRVJUSUZJQ0FURS0tLS0tCk1JSURLakNDQWhLZ0F3SUJBZ0lRWjdxNTNHUE4xcGZYTnorbHE5UVRpakFOQmdrcWhraUc5dzBCQVFzRkFEQXYKTVMwd0t3WURWUVFERXlSaU5EUmxOREV4WWkwNVpXRXpMVFE0TTJRdFlUSmpOQzB3WWpBM09UUXpOV1prTUdZdwpIaGNOTWpBd09USXdNVE0wTnpNNFdoY05NalV3T1RFNU1UUTBOek00V2pBdk1TMHdLd1lEVlFRREV5UmlORFJsCk5ERXhZaTA1WldFekxUUTRNMlF0WVRKak5DMHdZakEzT1RRek5XWmtNR1l3Z2dFaU1BMEdDU3FHU0liM0RRRUIKQVFVQUE0SUJEd0F3Z2dFS0FvSUJBUURrR2xSd2lHR0FkcTdySngxbVhleWh0VmlKcHllNXJabFhqRDdRNk1SZAp3Z2I5dVpmSGVVb05YZnFoRHhDQXBBakRjYXlUemNXRGtxV1kyY3d1eUpNT00zUVBmTG4wRXErWC9tVXNIbnI5CklqdEorSVNwY3FRdFY5TC80OEFkSDYxWXpoUjZaeGUxRVJxank1M2YwNENDTHIybmRtQjNnY1B5ZXNQRlgwWXEKTTNyUGpFVFRFNkF2eXJFdXgyTVdIWStVcG9qZXRScjFMSy9ZQXhoOTBZalNsUXNDZFpYV2ZTTHlYa2pUWWRhbgp4dUtzSHN4S2wyV2N4M1lkQ3hoS0VuRUx1SDdLNlRNSTIrNExWY2l1NVBGSUgyZWxoZ2FYaVVrSCtGUXM5UWFpClh1bUZMK29LeXh0dnZuZmdybk5YREN0N0hma1UvYmJ4bG15ZGRwUWVzWDdoQWdNQkFBR2pRakJBTUE0R0ExVWQKRHdFQi93UUVBd0lDQkRBUEJnTlZIUk1CQWY4RUJUQURBUUgvTUIwR0ExVWREZ1FXQkJUTWd0UnBhTGJFMVlKTwo4YW5qd1VUMldyMjVwekFOQmdrcWhraUc5dzBCQVFzRkFBT0NBUUVBeENER2dsQWUzSUZlN0NtdXZ5d1dOcWlqCnN2ZDM2U2tjQ21WVHVoaGlKUlMxbEJuay9yOHFtQVRvbk5ScFVXeUR2QmlOaFFhc1luMTFWODI0YXVYWVdBSkEKSzdCMzZGNXFPUjdleVY3VzRwTUFEZzBJdzdkejZyeU1IYWVDNUJKaXMzejBwVkdVL1B4b3RwMUFIdnBodGUvUgpzZTB4OWsxQlpxMHBtL20vYzVmWk5zcUZUblpGUERhcEx6OXlHNXlnd3F5eTk3UXZoSVlaY2xNd1dlR0p1SWZNCmFxQTJLK0NzcndPdWV6VHA4Vnpya3pvOFVNMFREa0UxWXFXRFEydnltU1hMaWMrZVNieHU5VHY1N3ZQLy9sbjAKVzlDMllFTWYycmU5eFYvSjlNVGZCdTJMQkpvTXBDdjhrT1NsVk9ScnhvUUV2MzRTT3BCLzNDMDRMNG9BV2c9PQotLS0tLUVORCBDRVJUSUZJQ0FURS0tLS0tCg==",
                "password": "",
                "username": ""
              }
            ],
            "master_authorized_networks_config": [],
            "master_version": "1.15.12-gke.20",
            "min_master_version": null,
            "monitoring_service": "monitoring.googleapis.com/kubernetes",
            "name": "node-svc-k8s",
            "network": "projects/proven-sum-252123/global/networks/default",
            "network_policy": [
              {
                "enabled": false,
                "provider": "PROVIDER_UNSPECIFIED"
              }
            ],
            "node_config": [
              {
                "disk_size_gb": 100,
                "disk_type": "pd-standard",
                "guest_accelerator": [],
                "image_type": "COS",
                "labels": {},
                "local_ssd_count": 0,
                "machine_type": "e2-micro",
                "metadata": {
                  "disable-legacy-endpoints": "true"
                },
                "min_cpu_platform": "",
                "oauth_scopes": [
                  "https://www.googleapis.com/auth/compute",
                  "https://www.googleapis.com/auth/devstorage.read_only",
                  "https://www.googleapis.com/auth/logging.write",
                  "https://www.googleapis.com/auth/monitoring"
                ],
                "preemptible": true,
                "sandbox_config": [],
                "service_account": "default",
                "shielded_instance_config": [
                  {
                    "enable_integrity_monitoring": true,
                    "enable_secure_boot": false
                  }
                ],
                "tags": [
                  "node-svc-k8s"
                ],
                "taint": [],
                "workload_metadata_config": []
              }
            ],
            "node_locations": [],
            "node_pool": [
              {
                "autoscaling": [],
                "initial_node_count": 3,
                "instance_group_urls": [
                  "https://www.googleapis.com/compute/v1/projects/proven-sum-252123/zones/us-central1-c/instanceGroupManagers/gke-node-svc-k8s-default-pool-912798ec-grp"
                ],
                "management": [
                  {
                    "auto_repair": true,
                    "auto_upgrade": true
                  }
                ],
                "max_pods_per_node": 0,
                "name": "default-pool",
                "name_prefix": "",
                "node_config": [
                  {
                    "disk_size_gb": 100,
                    "disk_type": "pd-standard",
                    "guest_accelerator": [],
                    "image_type": "COS",
                    "labels": {},
                    "local_ssd_count": 0,
                    "machine_type": "e2-micro",
                    "metadata": {
                      "disable-legacy-endpoints": "true"
                    },
                    "min_cpu_platform": "",
                    "oauth_scopes": [
                      "https://www.googleapis.com/auth/compute",
                      "https://www.googleapis.com/auth/devstorage.read_only",
                      "https://www.googleapis.com/auth/logging.write",
                      "https://www.googleapis.com/auth/monitoring"
                    ],
                    "preemptible": true,
                    "sandbox_config": [],
                    "service_account": "default",
                    "shielded_instance_config": [
                      {
                        "enable_integrity_monitoring": true,
                        "enable_secure_boot": false
                      }
                    ],
                    "tags": [
                      "node-svc-k8s"
                    ],
                    "taint": [],
                    "workload_metadata_config": []
                  }
                ],
                "node_count": 3,
                "node_locations": [
                  "us-central1-c"
                ],
                "upgrade_settings": [
                  {
                    "max_surge": 1,
                    "max_unavailable": 0
                  }
                ],
                "version": "1.15.12-gke.20"
              }
            ],
            "node_version": "1.15.12-gke.20",
            "operation": null,
            "pod_security_policy_config": null,
            "private_cluster_config": [],
            "project": "proven-sum-252123",
            "region": null,
            "release_channel": [
              {
                "channel": "UNSPECIFIED"
              }
            ],
            "remove_default_node_pool": null,
            "resource_labels": null,
            "resource_usage_export_config": [],
            "services_ipv4_cidr": "10.3.240.0/20",
            "subnetwork": "projects/proven-sum-252123/regions/us-central1/subnetworks/default",
            "timeouts": {
              "create": "30m",
              "delete": null,
              "read": null,
              "update": "40m"
            },
            "vertical_pod_autoscaling": [],
            "workload_identity_config": [],
            "zone": null
          },
          "private": "eyJlMmJmYjczMC1lY2FhLTExZTYtOGY4OC0zNDM2M2JjN2M0YzAiOnsiY3JlYXRlIjoxODAwMDAwMDAwMDAwLCJkZWxldGUiOjI0MDAwMDAwMDAwMDAsInJlYWQiOjI0MDAwMDAwMDAwMDAsInVwZGF0ZSI6MjQwMDAwMDAwMDAwMH0sInNjaGVtYV92ZXJzaW9uIjoiMSJ9"
        }
      ]
    }
  ]
}
