{
  "version": 4,
  "terraform_version": "0.13.2",
  "serial": 8,
  "lineage": "ec1c0746-9736-d504-ffd7-6d13d33ceca6",
  "outputs": {},
  "resources": [
    {
      "mode": "managed",
      "type": "google_compute_firewall",
      "name": "nodeports",
      "provider": "provider[\"registry.terraform.io/hashicorp/google\"]",
      "instances": [
        {
          "schema_version": 1,
          "attributes": {
            "allow": [
              {
                "ports": [
                  "30000-32767"
                ],
                "protocol": "tcp"
              }
            ],
            "creation_timestamp": "2020-09-06T17:45:33.552-07:00",
            "deny": [],
            "description": "",
            "destination_ranges": [],
            "direction": "INGRESS",
            "disabled": false,
            "enable_logging": null,
            "id": "projects/proven-sum-252123/global/firewalls/node-port-range",
            "log_config": [],
            "name": "node-port-range",
            "network": "https://www.googleapis.com/compute/v1/projects/proven-sum-252123/global/networks/default",
            "priority": 1000,
            "project": "proven-sum-252123",
            "self_link": "https://www.googleapis.com/compute/v1/projects/proven-sum-252123/global/firewalls/node-port-range",
            "source_ranges": [
              "0.0.0.0/0"
            ],
            "source_service_accounts": [],
            "source_tags": [],
            "target_service_accounts": [],
            "target_tags": [],
            "timeouts": null
          },
          "private": "eyJlMmJmYjczMC1lY2FhLTExZTYtOGY4OC0zNDM2M2JjN2M0YzAiOnsiY3JlYXRlIjoyNDAwMDAwMDAwMDAsImRlbGV0ZSI6MjQwMDAwMDAwMDAwLCJ1cGRhdGUiOjI0MDAwMDAwMDAwMH0sInNjaGVtYV92ZXJzaW9uIjoiMSJ9"
        }
      ]
    },
    {
      "mode": "managed",
      "type": "google_container_cluster",
      "name": "primary",
      "provider": "provider[\"registry.terraform.io/hashicorp/google\"]",
      "instances": [
        {
          "schema_version": 1,
          "attributes": {
            "additional_zones": [],
            "addons_config": [
              {
                "cloudrun_config": [],
                "horizontal_pod_autoscaling": [],
                "http_load_balancing": [],
                "kubernetes_dashboard": [],
                "network_policy_config": [
                  {
                    "disabled": true
                  }
                ]
              }
            ],
            "authenticator_groups_config": [],
            "cluster_autoscaling": [
              {
                "auto_provisioning_defaults": [],
                "enabled": false,
                "resource_limits": []
              }
            ],
            "cluster_ipv4_cidr": "10.0.0.0/14",
            "database_encryption": [
              {
                "key_name": "",
                "state": "DECRYPTED"
              }
            ],
            "default_max_pods_per_node": null,
            "description": "",
            "enable_binary_authorization": false,
            "enable_intranode_visibility": null,
            "enable_kubernetes_alpha": false,
            "enable_legacy_abac": false,
            "enable_shielded_nodes": false,
            "enable_tpu": null,
            "endpoint": "104.197.22.1",
            "id": "projects/proven-sum-252123/locations/us-central1-c/clusters/node-svc-k8s",
            "initial_node_count": 3,
            "instance_group_urls": [
              "https://www.googleapis.com/compute/v1/projects/proven-sum-252123/zones/us-central1-c/instanceGroups/gke-node-svc-k8s-default-pool-02135465-grp"
            ],
            "ip_allocation_policy": [],
            "label_fingerprint": "a9dc16a7",
            "location": "us-central1-c",
            "logging_service": "logging.googleapis.com/kubernetes",
            "maintenance_policy": [],
            "master_auth": [
              {
                "client_certificate": "",
                "client_certificate_config": [
                  {
                    "issue_client_certificate": false
                  }
                ],
                "client_key": "",
                "cluster_ca_certificate": "LS0tLS1CRUdJTiBDRVJUSUZJQ0FURS0tLS0tCk1JSURLekNDQWhPZ0F3SUJBZ0lSQUxHUSsvMGkxalVHQzJvODVzNTBKZ0F3RFFZSktvWklodmNOQVFFTEJRQXcKTHpFdE1Dc0dBMVVFQXhNa01HSmlNMlpqT0dVdE9UQTRZaTAwTWpreExXSmlPRGt0T0RGaFpEZGpOalUzTURBeApNQjRYRFRJd01Ea3dOakl6TlRJeE5sb1hEVEkxTURrd05qQXdOVEl4Tmxvd0x6RXRNQ3NHQTFVRUF4TWtNR0ppCk0yWmpPR1V0T1RBNFlpMDBNamt4TFdKaU9Ea3RPREZoWkRkak5qVTNNREF4TUlJQklqQU5CZ2txaGtpRzl3MEIKQVFFRkFBT0NBUThBTUlJQkNnS0NBUUVBd3l5SnBvYWRLS1dYMWIwb0FjNGxpY2RNT3d3K3dYK3hJS3hVbDN4VAp0UFIzcVdEU3d5QjZLQUM1bnlSRHJGOG9ZMURDcmRXekZnRUZwcGFQQzVWMXVyK0RRV2x2K3F1ZnF0bHEvYkxzCmNPa0Z6c1BwTWxVaXVUc2Exd0p3VEhmMXR5dFZ4TlJrNkNIVGZUNWw1bEtoQW9GV3dNcVI3UGo0UVpoWENlWTYKQmNQek5iQlI1a1pDeFRnZ252b2c3YWFPYTNpVk1MTGlzNzVJcVMyV2c5UkNhc1dqeklrYTZiMlVBOGpIcXJiMwpTZkpyTlBkQ3ZIVWswaVlqSkRXK0MyUzEya0lGSVpYak1pRXhFeTcxTnpjVnBrSWVvYnJFMDhBM080STRrMVJzCmlsbWlpVkd6QktEMCthODlna1hiYjliOHNYRXlFY3RFTHMxcXNmZGhHTFZJT1FJREFRQUJvMEl3UURBT0JnTlYKSFE4QkFmOEVCQU1DQWdRd0R3WURWUjBUQVFIL0JBVXdBd0VCL3pBZEJnTlZIUTRFRmdRVTdGaW41cnQ1WGxEUgpudVU2NU1qUm55dk92eFl3RFFZSktvWklodmNOQVFFTEJRQURnZ0VCQUl1OWZIVGl0Mmx4bmtadGVvT1JpVEhGCm5SaXNQbk53aWFDdmhlejFqQ1ViYjFwbWE1WEhRT2t2UU9YU1lHbVJGWGNvUEtkMzR2R1Erbm1Pb0lFU3NQSDcKYUw4a2NEQkhJald4V3ptT3JVaktkaE1UQTdKQ0EyaDJpSUtvcWg0OHVHYk56a2xsaUFJN1krMGwyUytQRlZ0dwpYWXFYNVEyMUh2UEljVWx5elpXVW44Q2laN0dHZG1XWVJtTFFlQzNLYS9Wc0NWV3RMK3FqM2o3bXUxbStqbm1vCm5hckIvaFQ4dzQyaDFxOEMwZmtyZ2RmaEZrVG9kbEpwRWxKaEN6cFZtQlJ6ZW96RUlDa05pRnl5Z0VKTldDMGsKVEMxdVRDRkF0dE1zZlRXTGxQem5OWURVbmYwaFBsbjFqSU9IUXEwYU1CdGFJQ1VBa2xCSnZERkxXQURib1JnPQotLS0tLUVORCBDRVJUSUZJQ0FURS0tLS0tCg==",
                "password": "",
                "username": ""
              }
            ],
            "master_authorized_networks_config": [],
            "master_version": "1.15.12-gke.2",
            "min_master_version": null,
            "monitoring_service": "monitoring.googleapis.com/kubernetes",
            "name": "node-svc-k8s",
            "network": "projects/proven-sum-252123/global/networks/default",
            "network_policy": [
              {
                "enabled": false,
                "provider": "PROVIDER_UNSPECIFIED"
              }
            ],
            "node_config": [
              {
                "disk_size_gb": 100,
                "disk_type": "pd-standard",
                "guest_accelerator": [],
                "image_type": "COS",
                "labels": {},
                "local_ssd_count": 0,
                "machine_type": "n1-standard-1",
                "metadata": {
                  "disable-legacy-endpoints": "true"
                },
                "min_cpu_platform": "",
                "oauth_scopes": [
                  "https://www.googleapis.com/auth/compute",
                  "https://www.googleapis.com/auth/devstorage.read_only",
                  "https://www.googleapis.com/auth/logging.write",
                  "https://www.googleapis.com/auth/monitoring"
                ],
                "preemptible": false,
                "sandbox_config": [],
                "service_account": "default",
                "shielded_instance_config": [
                  {
                    "enable_integrity_monitoring": true,
                    "enable_secure_boot": false
                  }
                ],
                "tags": [
                  "iac-kubernetes"
                ],
                "taint": [],
                "workload_metadata_config": []
              }
            ],
            "node_locations": [],
            "node_pool": [
              {
                "autoscaling": [],
                "initial_node_count": 3,
                "instance_group_urls": [
                  "https://www.googleapis.com/compute/v1/projects/proven-sum-252123/zones/us-central1-c/instanceGroupManagers/gke-node-svc-k8s-default-pool-02135465-grp"
                ],
                "management": [
                  {
                    "auto_repair": true,
                    "auto_upgrade": true
                  }
                ],
                "max_pods_per_node": 0,
                "name": "default-pool",
                "name_prefix": "",
                "node_config": [
                  {
                    "disk_size_gb": 100,
                    "disk_type": "pd-standard",
                    "guest_accelerator": [],
                    "image_type": "COS",
                    "labels": {},
                    "local_ssd_count": 0,
                    "machine_type": "n1-standard-1",
                    "metadata": {
                      "disable-legacy-endpoints": "true"
                    },
                    "min_cpu_platform": "",
                    "oauth_scopes": [
                      "https://www.googleapis.com/auth/compute",
                      "https://www.googleapis.com/auth/devstorage.read_only",
                      "https://www.googleapis.com/auth/logging.write",
                      "https://www.googleapis.com/auth/monitoring"
                    ],
                    "preemptible": false,
                    "sandbox_config": [],
                    "service_account": "default",
                    "shielded_instance_config": [
                      {
                        "enable_integrity_monitoring": true,
                        "enable_secure_boot": false
                      }
                    ],
                    "tags": [
                      "iac-kubernetes"
                    ],
                    "taint": [],
                    "workload_metadata_config": []
                  }
                ],
                "node_count": 3,
                "node_locations": [
                  "us-central1-c"
                ],
                "upgrade_settings": [
                  {
                    "max_surge": 1,
                    "max_unavailable": 0
                  }
                ],
                "version": "1.15.12-gke.2"
              }
            ],
            "node_version": "1.15.12-gke.2",
            "operation": null,
            "pod_security_policy_config": null,
            "private_cluster_config": [],
            "project": "proven-sum-252123",
            "region": null,
            "release_channel": [
              {
                "channel": "UNSPECIFIED"
              }
            ],
            "remove_default_node_pool": null,
            "resource_labels": null,
            "resource_usage_export_config": [],
            "services_ipv4_cidr": "10.3.240.0/20",
            "subnetwork": "projects/proven-sum-252123/regions/us-central1/subnetworks/default",
            "timeouts": {
              "create": "30m",
              "delete": null,
              "read": null,
              "update": "40m"
            },
            "vertical_pod_autoscaling": [],
            "workload_identity_config": [],
            "zone": null
          },
          "private": "eyJlMmJmYjczMC1lY2FhLTExZTYtOGY4OC0zNDM2M2JjN2M0YzAiOnsiY3JlYXRlIjoxODAwMDAwMDAwMDAwLCJkZWxldGUiOjI0MDAwMDAwMDAwMDAsInJlYWQiOjI0MDAwMDAwMDAwMDAsInVwZGF0ZSI6MjQwMDAwMDAwMDAwMH0sInNjaGVtYV92ZXJzaW9uIjoiMSJ9"
        }
      ]
    }
  ]
}
